
Microsoft Visual Studio Solution File, Format Version 12.00
# Visual Studio Version 17
VisualStudioVersion = 17.8.34330.188
MinimumVisualStudioVersion = 10.0.40219.1
Project("{FAE04EC0-301F-11D3-BF4B-00C04F79EFBC}") = "project5", "project5\project5.csproj", "{1B1663BB-F252-46F0-AB87-36F72738D341}"
EndProject
Global
	GlobalSection(SolutionConfigurationPlatforms) = preSolution
		Debug|Any CPU = Debug|Any CPU
		Release|Any CPU = Release|Any CPU
	EndGlobalSection
	GlobalSection(ProjectConfigurationPlatforms) = postSolution
		{1B1663BB-F252-46F0-AB87-36F72738D341}.Debug|Any CPU.ActiveCfg = Debug|Any CPU
		{1B1663BB-F252-46F0-AB87-36F72738D341}.Debug|Any CPU.Build.0 = Debug|Any CPU
		{1B1663BB-F252-46F0-AB87-36F72738D341}.Release|Any CPU.ActiveCfg = Release|Any CPU
		{1B1663BB-F252-46F0-AB87-36F72738D341}.Release|Any CPU.Build.0 = Release|Any CPU
	EndGlobalSection
	GlobalSection(SolutionProperties) = preSolution
		HideSolutionNode = FALSE
	EndGlobalSection
	GlobalSection(ExtensibilityGlobals) = postSolution
		SolutionGuid = {B3B71301-203A-4BD4-910C-41CA03EAB8A9}
	EndGlobalSection
EndGlobal
